Microsoft Visual Studio Solution File, Format Version 12.00
# Visual Studio Version 17
VisualStudioVersion = 17.5.2.0
MinimumVisualStudioVersion = 10.0.40219.1
Project("{FAE04EC0-301F-11D3-BF4B-00C04F79EFBC}") = "Dogscape", "Dogscape.csproj", "{FE16ABC4-E441-E67D-3076-CE9C34851B9F}"
EndProject
Global
	GlobalSection(SolutionConfigurationPlatforms) = preSolution
		Debug|Any CPU = Debug|Any CPU
		Release|Any CPU = Release|Any CPU
	EndGlobalSection
	GlobalSection(ProjectConfigurationPlatforms) = postSolution
		{FE16ABC4-E441-E67D-3076-CE9C34851B9F}.Debug|Any CPU.ActiveCfg = Debug|Any CPU
		{FE16ABC4-E441-E67D-3076-CE9C34851B9F}.Debug|Any CPU.Build.0 = Debug|Any CPU
		{FE16ABC4-E441-E67D-3076-CE9C34851B9F}.Release|Any CPU.ActiveCfg = Release|Any CPU
		{FE16ABC4-E441-E67D-3076-CE9C34851B9F}.Release|Any CPU.Build.0 = Release|Any CPU
	EndGlobalSection
	GlobalSection(SolutionProperties) = preSolution
		HideSolutionNode = FALSE
	EndGlobalSection
	GlobalSection(ExtensibilityGlobals) = postSolution
		SolutionGuid = {0E260AB3-41AD-44F3-A6A8-FDE53AE771E0}
	EndGlobalSection
EndGlobal
